
Microsoft Visual Studio Solution File, Format Version 12.00
# Visual Studio Version 17
VisualStudioVersion = 17.14.36401.2 d17.14
MinimumVisualStudioVersion = 10.0.40219.1
Project("{FAE04EC0-301F-11D3-BF4B-00C04F79EFBC}") = "05LAB1_BERNABE", "05LAB1_BERNABE\05LAB1_BERNABE.csproj", "{7062BFB8-347A-442D-AA49-A783BC31A75B}"
EndProject
Global
	GlobalSection(SolutionConfigurationPlatforms) = preSolution
		Debug|Any CPU = Debug|Any CPU
		Release|Any CPU = Release|Any CPU
	EndGlobalSection
	GlobalSection(ProjectConfigurationPlatforms) = postSolution
		{7062BFB8-347A-442D-AA49-A783BC31A75B}.Debug|Any CPU.ActiveCfg = Debug|Any CPU
		{7062BFB8-347A-442D-AA49-A783BC31A75B}.Debug|Any CPU.Build.0 = Debug|Any CPU
		{7062BFB8-347A-442D-AA49-A783BC31A75B}.Release|Any CPU.ActiveCfg = Release|Any CPU
		{7062BFB8-347A-442D-AA49-A783BC31A75B}.Release|Any CPU.Build.0 = Release|Any CPU
	EndGlobalSection
	GlobalSection(SolutionProperties) = preSolution
		HideSolutionNode = FALSE
	EndGlobalSection
	GlobalSection(ExtensibilityGlobals) = postSolution
		SolutionGuid = {F8931850-9A07-4770-9008-A6D81AC67710}
	EndGlobalSection
EndGlobal
